// !$*UTF8*$!
{
	archiveVersion = 1;
	classes = {
	};
	objectVersion = 46;
	objects = {

/* Begin PBXBuildFile section */
		0B5D6E781CB841A3002B4D54 /* LCellDescripcionNoticia.xib in Resources */ = {isa = PBXBuildFile; fileRef = 0B5D6E771CB841A3002B4D54 /* LCellDescripcionNoticia.xib */; };
		0B8B20F41CD80DA900FD22B0 /* LUtils.m in Sources */ = {isa = PBXBuildFile; fileRef = 0B8B20F21CD8033000FD22B0 /* LUtils.m */; };
		0B8B20F51CD80DAE00FD22B0 /* ECPercentDrivenInteractiveTransition.m in Sources */ = {isa = PBXBuildFile; fileRef = 0B63EB991CCED98E00500467 /* ECPercentDrivenInteractiveTransition.m */; };
		0B8B20F61CD80DB200FD22B0 /* ECSlidingAnimationController.m in Sources */ = {isa = PBXBuildFile; fileRef = 0B63EB9B1CCED98E00500467 /* ECSlidingAnimationController.m */; };
		0B8B20F71CD80DB600FD22B0 /* ECSlidingInteractiveTransition.m in Sources */ = {isa = PBXBuildFile; fileRef = 0B63EB9E1CCED98E00500467 /* ECSlidingInteractiveTransition.m */; };
		0B8B20F81CD80DBA00FD22B0 /* ECSlidingSegue.m in Sources */ = {isa = PBXBuildFile; fileRef = 0B63EBA01CCED98E00500467 /* ECSlidingSegue.m */; };
		0B8B20F91CD80DBE00FD22B0 /* ECSlidingViewController.m in Sources */ = {isa = PBXBuildFile; fileRef = 0B63EBA21CCED98E00500467 /* ECSlidingViewController.m */; };
		0B8B20FA1CD80DC200FD22B0 /* UIViewController+ECSlidingViewController.m in Sources */ = {isa = PBXBuildFile; fileRef = 0B63EBA41CCED98E00500467 /* UIViewController+ECSlidingViewController.m */; };
		0B8B20FB1CD80DC700FD22B0 /* Noticias.m in Sources */ = {isa = PBXBuildFile; fileRef = 4A5C14011C9B2A600039C5A9 /* Noticias.m */; };
		0B8B20FC1CD80DD100FD22B0 /* LManagedObject.m in Sources */ = {isa = PBXBuildFile; fileRef = 4A47CC101C99E296001C3B90 /* LManagedObject.m */; };
		0B8B20FD1CD80DD700FD22B0 /* EDownladServiceManager.m in Sources */ = {isa = PBXBuildFile; fileRef = 4A4BB0781C91DF750064E4FD /* EDownladServiceManager.m */; };
		0B8B20FE1CD80DDE00FD22B0 /* EServiceObject.m in Sources */ = {isa = PBXBuildFile; fileRef = 4A4BB07A1C91DF750064E4FD /* EServiceObject.m */; };
		0B8B20FF1CD80DE500FD22B0 /* LServiceObjectNoticias.m in Sources */ = {isa = PBXBuildFile; fileRef = 4A4BB07D1C91DF750064E4FD /* LServiceObjectNoticias.m */; };
		0B8B21001CD80DEC00FD22B0 /* LCellDescripcionNoticia.m in Sources */ = {isa = PBXBuildFile; fileRef = 0B5D6E7A1CB841E5002B4D54 /* LCellDescripcionNoticia.m */; };
		0B8B21011CD80DF200FD22B0 /* LDetalleNoticiasViewController.m in Sources */ = {isa = PBXBuildFile; fileRef = 4A47CBFF1C99DB5B001C3B90 /* LDetalleNoticiasViewController.m */; };
		0B8B21021CD80DFC00FD22B0 /* EUICellNoticias.m in Sources */ = {isa = PBXBuildFile; fileRef = 4A4BB0701C91DF650064E4FD /* EUICellNoticias.m */; };
		0B8B21031CD80E0100FD22B0 /* LNoticiasViewController.m in Sources */ = {isa = PBXBuildFile; fileRef = 4A4BB0721C91DF650064E4FD /* LNoticiasViewController.m */; };
		0B8B21041CD80E0F00FD22B0 /* MKAnnotationView+WebCache.m in Sources */ = {isa = PBXBuildFile; fileRef = 4A4BB0311C91DBE00064E4FD /* MKAnnotationView+WebCache.m */; };
		0B8B21051CD80E1500FD22B0 /* NSData+ImageContentType.m in Sources */ = {isa = PBXBuildFile; fileRef = 4A4BB0331C91DBE00064E4FD /* NSData+ImageContentType.m */; };
		0B8B21061CD80E1B00FD22B0 /* SDImageCache.m in Sources */ = {isa = PBXBuildFile; fileRef = 4A4BB0351C91DBE00064E4FD /* SDImageCache.m */; };
		0B8B21071CD80E2100FD22B0 /* SDWebImageCompat.m in Sources */ = {isa = PBXBuildFile; fileRef = 4A4BB0371C91DBE00064E4FD /* SDWebImageCompat.m */; };
		0B8B21081CD80E2700FD22B0 /* SDWebImageDecoder.m in Sources */ = {isa = PBXBuildFile; fileRef = 4A4BB0391C91DBE00064E4FD /* SDWebImageDecoder.m */; };
		0B8B21091CD80E2E00FD22B0 /* SDWebImageDownloader.m in Sources */ = {isa = PBXBuildFile; fileRef = 4A4BB03B1C91DBE00064E4FD /* SDWebImageDownloader.m */; };
		0B8B210A1CD80E3400FD22B0 /* SDWebImageDownloaderOperation.m in Sources */ = {isa = PBXBuildFile; fileRef = 4A4BB03D1C91DBE00064E4FD /* SDWebImageDownloaderOperation.m */; };
		0B8B210B1CD80E3A00FD22B0 /* SDWebImageManager.m in Sources */ = {isa = PBXBuildFile; fileRef = 4A4BB03F1C91DBE00064E4FD /* SDWebImageManager.m */; };
		0B8B210C1CD80E4100FD22B0 /* SDWebImagePrefetcher.m in Sources */ = {isa = PBXBuildFile; fileRef = 4A4BB0421C91DBE00064E4FD /* SDWebImagePrefetcher.m */; };
		0B8B210D1CD80E4900FD22B0 /* UIButton+WebCache.m in Sources */ = {isa = PBXBuildFile; fileRef = 4A4BB0441C91DBE00064E4FD /* UIButton+WebCache.m */; };
		0B8B210E1CD80E5000FD22B0 /* UIImage+GIF.m in Sources */ = {isa = PBXBuildFile; fileRef = 4A4BB0461C91DBE00064E4FD /* UIImage+GIF.m */; };
		0B8B210F1CD80E5700FD22B0 /* UIImage+MultiFormat.m in Sources */ = {isa = PBXBuildFile; fileRef = 4A4BB0481C91DBE00064E4FD /* UIImage+MultiFormat.m */; };
		0B8B21101CD80E5D00FD22B0 /* UIImage+WebP.m in Sources */ = {isa = PBXBuildFile; fileRef = 4A4BB04A1C91DBE00064E4FD /* UIImage+WebP.m */; };
		0B8B21111CD80E6700FD22B0 /* UIImageView+HighlightedWebCache.m in Sources */ = {isa = PBXBuildFile; fileRef = 4A4BB04C1C91DBE00064E4FD /* UIImageView+HighlightedWebCache.m */; };
		0B8B21121CD80E6F00FD22B0 /* UIImageView+WebCache.m in Sources */ = {isa = PBXBuildFile; fileRef = 4A4BB04E1C91DBE00064E4FD /* UIImageView+WebCache.m */; };
		0B8B21131CD80E7800FD22B0 /* UIView+WebCacheOperation.m in Sources */ = {isa = PBXBuildFile; fileRef = 4A4BB0501C91DBE00064E4FD /* UIView+WebCacheOperation.m */; };
		0B8B21141CD80E8600FD22B0 /* Constants.m in Sources */ = {isa = PBXBuildFile; fileRef = 4A4BB02D1C91DBD70064E4FD /* Constants.m */; };
		0B8B21151CD80E9000FD22B0 /* iCarousel.m in Sources */ = {isa = PBXBuildFile; fileRef = 4A4BB0291C91DBCC0064E4FD /* iCarousel.m */; };
		0B8B21161CD80E9500FD22B0 /* AppDelegate.m in Sources */ = {isa = PBXBuildFile; fileRef = 4A4BAFF51C91DB500064E4FD /* AppDelegate.m */; };
		0B8B21171CD80E9E00FD22B0 /* ViewController.m in Sources */ = {isa = PBXBuildFile; fileRef = 4A4BAFF81C91DB500064E4FD /* ViewController.m */; };
		0BEB22DA1CD144FF00EE2672 /* Container.storyboard in Resources */ = {isa = PBXBuildFile; fileRef = 0BEB22D91CD144FF00EE2672 /* Container.storyboard */; };
		1D22114E58B493F57F107B3D /* libPods.a in Frameworks */ = {isa = PBXBuildFile; fileRef = 8266B7F8596D88529D8C6C86 /* libPods.a */; };
		4A4BB0011C91DB500064E4FD /* Assets.xcassets in Resources */ = {isa = PBXBuildFile; fileRef = 4A4BB0001C91DB500064E4FD /* Assets.xcassets */; };
		4A4BB0041C91DB500064E4FD /* LaunchScreen.storyboard in Resources */ = {isa = PBXBuildFile; fileRef = 4A4BB0021C91DB500064E4FD /* LaunchScreen.storyboard */; };
		4A4BB00F1C91DB500064E4FD /* LibasaTests.m in Sources */ = {isa = PBXBuildFile; fileRef = 4A4BB00E1C91DB500064E4FD /* LibasaTests.m */; };
		4A4BB01A1C91DB500064E4FD /* LibasaUITests.m in Sources */ = {isa = PBXBuildFile; fileRef = 4A4BB0191C91DB500064E4FD /* LibasaUITests.m */; };
		4A74F4611C98808500E322C0 /* Noticias.storyboard in Resources */ = {isa = PBXBuildFile; fileRef = 4A74F4601C98808500E322C0 /* Noticias.storyboard */; };
		4A74F46A1C98A28B00E322C0 /* DetalleNoticia.storyboard in Resources */ = {isa = PBXBuildFile; fileRef = 4A74F4691C98A28B00E322C0 /* DetalleNoticia.storyboard */; };
/* End PBXBuildFile section */

/* Begin PBXContainerItemProxy section */
		4A4BB00B1C91DB500064E4FD /* PBXContainerItemProxy */ = {
			isa = PBXContainerItemProxy;
			containerPortal = 4A4BAFE61C91DB4F0064E4FD /* Project object */;
			proxyType = 1;
			remoteGlobalIDString = 4A4BAFED1C91DB4F0064E4FD;
			remoteInfo = Libasa;
		};
		4A4BB0161C91DB500064E4FD /* PBXContainerItemProxy */ = {
			isa = PBXContainerItemProxy;
			containerPortal = 4A4BAFE61C91DB4F0064E4FD /* Project object */;
			proxyType = 1;
			remoteGlobalIDString = 4A4BAFED1C91DB4F0064E4FD;
			remoteInfo = Libasa;
		};
/* End PBXContainerItemProxy section */

/* Begin PBXFileReference section */
		0B5D6E771CB841A3002B4D54 /* LCellDescripcionNoticia.xib */ = {isa = PBXFileReference; fileEncoding = 4; lastKnownFileType = file.xib; path = LCellDescripcionNoticia.xib; sourceTree = "<group>"; };
		0B5D6E791CB841D9002B4D54 /* LCellDescripcionNoticia.h */ = {isa = PBXFileReference; lastKnownFileType = sourcecode.c.h; path = LCellDescripcionNoticia.h; sourceTree = "<group>"; };
		0B5D6E7A1CB841E5002B4D54 /* LCellDescripcionNoticia.m */ = {isa = PBXFileReference; fileEncoding = 4; lastKnownFileType = sourcecode.c.objc; path = LCellDescripcionNoticia.m; sourceTree = "<group>"; };
		0B63EB981CCED98E00500467 /* ECPercentDrivenInteractiveTransition.h */ = {isa = PBXFileReference; fileEncoding = 4; lastKnownFileType = sourcecode.c.h; path = ECPercentDrivenInteractiveTransition.h; sourceTree = "<group>"; };
		0B63EB991CCED98E00500467 /* ECPercentDrivenInteractiveTransition.m */ = {isa = PBXFileReference; fileEncoding = 4; lastKnownFileType = sourcecode.c.objc; path = ECPercentDrivenInteractiveTransition.m; sourceTree = "<group>"; };
		0B63EB9A1CCED98E00500467 /* ECSlidingAnimationController.h */ = {isa = PBXFileReference; fileEncoding = 4; lastKnownFileType = sourcecode.c.h; path = ECSlidingAnimationController.h; sourceTree = "<group>"; };
		0B63EB9B1CCED98E00500467 /* ECSlidingAnimationController.m */ = {isa = PBXFileReference; fileEncoding = 4; lastKnownFileType = sourcecode.c.objc; path = ECSlidingAnimationController.m; sourceTree = "<group>"; };
		0B63EB9C1CCED98E00500467 /* ECSlidingConstants.h */ = {isa = PBXFileReference; fileEncoding = 4; lastKnownFileType = sourcecode.c.h; path = ECSlidingConstants.h; sourceTree = "<group>"; };
		0B63EB9D1CCED98E00500467 /* ECSlidingInteractiveTransition.h */ = {isa = PBXFileReference; fileEncoding = 4; lastKnownFileType = sourcecode.c.h; path = ECSlidingInteractiveTransition.h; sourceTree = "<group>"; };
		0B63EB9E1CCED98E00500467 /* ECSlidingInteractiveTransition.m */ = {isa = PBXFileReference; fileEncoding = 4; lastKnownFileType = sourcecode.c.objc; path = ECSlidingInteractiveTransition.m; sourceTree = "<group>"; };
		0B63EB9F1CCED98E00500467 /* ECSlidingSegue.h */ = {isa = PBXFileReference; fileEncoding = 4; lastKnownFileType = sourcecode.c.h; path = ECSlidingSegue.h; sourceTree = "<group>"; };
		0B63EBA01CCED98E00500467 /* ECSlidingSegue.m */ = {isa = PBXFileReference; fileEncoding = 4; lastKnownFileType = sourcecode.c.objc; path = ECSlidingSegue.m; sourceTree = "<group>"; };
		0B63EBA11CCED98E00500467 /* ECSlidingViewController.h */ = {isa = PBXFileReference; fileEncoding = 4; lastKnownFileType = sourcecode.c.h; path = ECSlidingViewController.h; sourceTree = "<group>"; };
		0B63EBA21CCED98E00500467 /* ECSlidingViewController.m */ = {isa = PBXFileReference; fileEncoding = 4; lastKnownFileType = sourcecode.c.objc; path = ECSlidingViewController.m; sourceTree = "<group>"; };
		0B63EBA31CCED98E00500467 /* UIViewController+ECSlidingViewController.h */ = {isa = PBXFileReference; fileEncoding = 4; lastKnownFileType = sourcecode.c.h; path = "UIViewController+ECSlidingViewController.h"; sourceTree = "<group>"; };
		0B63EBA41CCED98E00500467 /* UIViewController+ECSlidingViewController.m */ = {isa = PBXFileReference; fileEncoding = 4; lastKnownFileType = sourcecode.c.objc; path = "UIViewController+ECSlidingViewController.m"; sourceTree = "<group>"; };
		0B8B20F11CD8032200FD22B0 /* LUtils.h */ = {isa = PBXFileReference; lastKnownFileType = sourcecode.c.h; path = LUtils.h; sourceTree = "<group>"; };
		0B8B20F21CD8033000FD22B0 /* LUtils.m */ = {isa = PBXFileReference; fileEncoding = 4; lastKnownFileType = sourcecode.c.objc; path = LUtils.m; sourceTree = "<group>"; };
		0BEB22D91CD144FF00EE2672 /* Container.storyboard */ = {isa = PBXFileReference; fileEncoding = 4; lastKnownFileType = file.storyboard; path = Container.storyboard; sourceTree = "<group>"; };
		4A47CBFE1C99DB49001C3B90 /* LDetalleNoticiasViewController.h */ = {isa = PBXFileReference; lastKnownFileType = sourcecode.c.h; path = LDetalleNoticiasViewController.h; sourceTree = "<group>"; };
		4A47CBFF1C99DB5B001C3B90 /* LDetalleNoticiasViewController.m */ = {isa = PBXFileReference; fileEncoding = 4; lastKnownFileType = sourcecode.c.objc; path = LDetalleNoticiasViewController.m; sourceTree = "<group>"; };
		4A47CC0F1C99E284001C3B90 /* LManagedObject.h */ = {isa = PBXFileReference; lastKnownFileType = sourcecode.c.h; path = LManagedObject.h; sourceTree = "<group>"; };
		4A47CC101C99E296001C3B90 /* LManagedObject.m */ = {isa = PBXFileReference; fileEncoding = 4; lastKnownFileType = sourcecode.c.objc; path = LManagedObject.m; sourceTree = "<group>"; };
		4A4BAFEE1C91DB4F0064E4FD /* Libasa.app */ = {isa = PBXFileReference; explicitFileType = wrapper.application; includeInIndex = 0; path = Libasa.app; sourceTree = BUILT_PRODUCTS_DIR; };
		4A4BAFF21C91DB500064E4FD /* main.m */ = {isa = PBXFileReference; lastKnownFileType = sourcecode.c.objc; path = main.m; sourceTree = "<group>"; };
		4A4BAFF41C91DB500064E4FD /* AppDelegate.h */ = {isa = PBXFileReference; lastKnownFileType = sourcecode.c.h; path = AppDelegate.h; sourceTree = "<group>"; };
		4A4BAFF51C91DB500064E4FD /* AppDelegate.m */ = {isa = PBXFileReference; lastKnownFileType = sourcecode.c.objc; path = AppDelegate.m; sourceTree = "<group>"; };
		4A4BAFF71C91DB500064E4FD /* ViewController.h */ = {isa = PBXFileReference; lastKnownFileType = sourcecode.c.h; path = ViewController.h; sourceTree = "<group>"; };
		4A4BAFF81C91DB500064E4FD /* ViewController.m */ = {isa = PBXFileReference; lastKnownFileType = sourcecode.c.objc; path = ViewController.m; sourceTree = "<group>"; };
		4A4BAFFE1C91DB500064E4FD /* Libasa.xcdatamodel */ = {isa = PBXFileReference; lastKnownFileType = wrapper.xcdatamodel; path = Libasa.xcdatamodel; sourceTree = "<group>"; };
		4A4BB0001C91DB500064E4FD /* Assets.xcassets */ = {isa = PBXFileReference; lastKnownFileType = folder.assetcatalog; path = Assets.xcassets; sourceTree = "<group>"; };
		4A4BB0031C91DB500064E4FD /* Base */ = {isa = PBXFileReference; lastKnownFileType = file.storyboard; name = Base; path = Base.lproj/LaunchScreen.storyboard; sourceTree = "<group>"; };
		4A4BB0051C91DB500064E4FD /* Info.plist */ = {isa = PBXFileReference; lastKnownFileType = text.plist.xml; path = Info.plist; sourceTree = "<group>"; };
		4A4BB00A1C91DB500064E4FD /* LibasaTests.xctest */ = {isa = PBXFileReference; explicitFileType = wrapper.cfbundle; includeInIndex = 0; path = LibasaTests.xctest; sourceTree = BUILT_PRODUCTS_DIR; };
		4A4BB00E1C91DB500064E4FD /* LibasaTests.m */ = {isa = PBXFileReference; lastKnownFileType = sourcecode.c.objc; path = LibasaTests.m; sourceTree = "<group>"; };
		4A4BB0101C91DB500064E4FD /* Info.plist */ = {isa = PBXFileReference; lastKnownFileType = text.plist.xml; path = Info.plist; sourceTree = "<group>"; };
		4A4BB0151C91DB500064E4FD /* LibasaUITests.xctest */ = {isa = PBXFileReference; explicitFileType = wrapper.cfbundle; includeInIndex = 0; path = LibasaUITests.xctest; sourceTree = BUILT_PRODUCTS_DIR; };
		4A4BB0191C91DB500064E4FD /* LibasaUITests.m */ = {isa = PBXFileReference; lastKnownFileType = sourcecode.c.objc; path = LibasaUITests.m; sourceTree = "<group>"; };
		4A4BB01B1C91DB500064E4FD /* Info.plist */ = {isa = PBXFileReference; lastKnownFileType = text.plist.xml; path = Info.plist; sourceTree = "<group>"; };
		4A4BB0281C91DBCC0064E4FD /* iCarousel.h */ = {isa = PBXFileReference; fileEncoding = 4; lastKnownFileType = sourcecode.c.h; path = iCarousel.h; sourceTree = "<group>"; };
		4A4BB0291C91DBCC0064E4FD /* iCarousel.m */ = {isa = PBXFileReference; fileEncoding = 4; lastKnownFileType = sourcecode.c.objc; path = iCarousel.m; sourceTree = "<group>"; };
		4A4BB02C1C91DBD70064E4FD /* Constants.h */ = {isa = PBXFileReference; fileEncoding = 4; lastKnownFileType = sourcecode.c.h; path = Constants.h; sourceTree = "<group>"; };
		4A4BB02D1C91DBD70064E4FD /* Constants.m */ = {isa = PBXFileReference; fileEncoding = 4; lastKnownFileType = sourcecode.c.objc; path = Constants.m; sourceTree = "<group>"; };
		4A4BB0301C91DBE00064E4FD /* MKAnnotationView+WebCache.h */ = {isa = PBXFileReference; fileEncoding = 4; lastKnownFileType = sourcecode.c.h; path = "MKAnnotationView+WebCache.h"; sourceTree = "<group>"; };
		4A4BB0311C91DBE00064E4FD /* MKAnnotationView+WebCache.m */ = {isa = PBXFileReference; fileEncoding = 4; lastKnownFileType = sourcecode.c.objc; path = "MKAnnotationView+WebCache.m"; sourceTree = "<group>"; };
		4A4BB0321C91DBE00064E4FD /* NSData+ImageContentType.h */ = {isa = PBXFileReference; fileEncoding = 4; lastKnownFileType = sourcecode.c.h; path = "NSData+ImageContentType.h"; sourceTree = "<group>"; };
		4A4BB0331C91DBE00064E4FD /* NSData+ImageContentType.m */ = {isa = PBXFileReference; fileEncoding = 4; lastKnownFileType = sourcecode.c.objc; path = "NSData+ImageContentType.m"; sourceTree = "<group>"; };
		4A4BB0341C91DBE00064E4FD /* SDImageCache.h */ = {isa = PBXFileReference; fileEncoding = 4; lastKnownFileType = sourcecode.c.h; path = SDImageCache.h; sourceTree = "<group>"; };
		4A4BB0351C91DBE00064E4FD /* SDImageCache.m */ = {isa = PBXFileReference; fileEncoding = 4; lastKnownFileType = sourcecode.c.objc; path = SDImageCache.m; sourceTree = "<group>"; };
		4A4BB0361C91DBE00064E4FD /* SDWebImageCompat.h */ = {isa = PBXFileReference; fileEncoding = 4; lastKnownFileType = sourcecode.c.h; path = SDWebImageCompat.h; sourceTree = "<group>"; };
		4A4BB0371C91DBE00064E4FD /* SDWebImageCompat.m */ = {isa = PBXFileReference; fileEncoding = 4; lastKnownFileType = sourcecode.c.objc; path = SDWebImageCompat.m; sourceTree = "<group>"; };
		4A4BB0381C91DBE00064E4FD /* SDWebImageDecoder.h */ = {isa = PBXFileReference; fileEncoding = 4; lastKnownFileType = sourcecode.c.h; path = SDWebImageDecoder.h; sourceTree = "<group>"; };
		4A4BB0391C91DBE00064E4FD /* SDWebImageDecoder.m */ = {isa = PBXFileReference; fileEncoding = 4; lastKnownFileType = sourcecode.c.objc; path = SDWebImageDecoder.m; sourceTree = "<group>"; };
		4A4BB03A1C91DBE00064E4FD /* SDWebImageDownloader.h */ = {isa = PBXFileReference; fileEncoding = 4; lastKnownFileType = sourcecode.c.h; path = SDWebImageDownloader.h; sourceTree = "<group>"; };
		4A4BB03B1C91DBE00064E4FD /* SDWebImageDownloader.m */ = {isa = PBXFileReference; fileEncoding = 4; lastKnownFileType = sourcecode.c.objc; path = SDWebImageDownloader.m; sourceTree = "<group>"; };
		4A4BB03C1C91DBE00064E4FD /* SDWebImageDownloaderOperation.h */ = {isa = PBXFileReference; fileEncoding = 4; lastKnownFileType = sourcecode.c.h; path = SDWebImageDownloaderOperation.h; sourceTree = "<group>"; };
		4A4BB03D1C91DBE00064E4FD /* SDWebImageDownloaderOperation.m */ = {isa = PBXFileReference; fileEncoding = 4; lastKnownFileType = sourcecode.c.objc; path = SDWebImageDownloaderOperation.m; sourceTree = "<group>"; };
		4A4BB03E1C91DBE00064E4FD /* SDWebImageManager.h */ = {isa = PBXFileReference; fileEncoding = 4; lastKnownFileType = sourcecode.c.h; path = SDWebImageManager.h; sourceTree = "<group>"; };
		4A4BB03F1C91DBE00064E4FD /* SDWebImageManager.m */ = {isa = PBXFileReference; fileEncoding = 4; lastKnownFileType = sourcecode.c.objc; path = SDWebImageManager.m; sourceTree = "<group>"; };
		4A4BB0401C91DBE00064E4FD /* SDWebImageOperation.h */ = {isa = PBXFileReference; fileEncoding = 4; lastKnownFileType = sourcecode.c.h; path = SDWebImageOperation.h; sourceTree = "<group>"; };
		4A4BB0411C91DBE00064E4FD /* SDWebImagePrefetcher.h */ = {isa = PBXFileReference; fileEncoding = 4; lastKnownFileType = sourcecode.c.h; path = SDWebImagePrefetcher.h; sourceTree = "<group>"; };
		4A4BB0421C91DBE00064E4FD /* SDWebImagePrefetcher.m */ = {isa = PBXFileReference; fileEncoding = 4; lastKnownFileType = sourcecode.c.objc; path = SDWebImagePrefetcher.m; sourceTree = "<group>"; };
		4A4BB0431C91DBE00064E4FD /* UIButton+WebCache.h */ = {isa = PBXFileReference; fileEncoding = 4; lastKnownFileType = sourcecode.c.h; path = "UIButton+WebCache.h"; sourceTree = "<group>"; };
		4A4BB0441C91DBE00064E4FD /* UIButton+WebCache.m */ = {isa = PBXFileReference; fileEncoding = 4; lastKnownFileType = sourcecode.c.objc; path = "UIButton+WebCache.m"; sourceTree = "<group>"; };
		4A4BB0451C91DBE00064E4FD /* UIImage+GIF.h */ = {isa = PBXFileReference; fileEncoding = 4; lastKnownFileType = sourcecode.c.h; path = "UIImage+GIF.h"; sourceTree = "<group>"; };
		4A4BB0461C91DBE00064E4FD /* UIImage+GIF.m */ = {isa = PBXFileReference; fileEncoding = 4; lastKnownFileType = sourcecode.c.objc; path = "UIImage+GIF.m"; sourceTree = "<group>"; };
		4A4BB0471C91DBE00064E4FD /* UIImage+MultiFormat.h */ = {isa = PBXFileReference; fileEncoding = 4; lastKnownFileType = sourcecode.c.h; path = "UIImage+MultiFormat.h"; sourceTree = "<group>"; };
		4A4BB0481C91DBE00064E4FD /* UIImage+MultiFormat.m */ = {isa = PBXFileReference; fileEncoding = 4; lastKnownFileType = sourcecode.c.objc; path = "UIImage+MultiFormat.m"; sourceTree = "<group>"; };
		4A4BB0491C91DBE00064E4FD /* UIImage+WebP.h */ = {isa = PBXFileReference; fileEncoding = 4; lastKnownFileType = sourcecode.c.h; path = "UIImage+WebP.h"; sourceTree = "<group>"; };
		4A4BB04A1C91DBE00064E4FD /* UIImage+WebP.m */ = {isa = PBXFileReference; fileEncoding = 4; lastKnownFileType = sourcecode.c.objc; path = "UIImage+WebP.m"; sourceTree = "<group>"; };
		4A4BB04B1C91DBE00064E4FD /* UIImageView+HighlightedWebCache.h */ = {isa = PBXFileReference; fileEncoding = 4; lastKnownFileType = sourcecode.c.h; path = "UIImageView+HighlightedWebCache.h"; sourceTree = "<group>"; };
		4A4BB04C1C91DBE00064E4FD /* UIImageView+HighlightedWebCache.m */ = {isa = PBXFileReference; fileEncoding = 4; lastKnownFileType = sourcecode.c.objc; path = "UIImageView+HighlightedWebCache.m"; sourceTree = "<group>"; };
		4A4BB04D1C91DBE00064E4FD /* UIImageView+WebCache.h */ = {isa = PBXFileReference; fileEncoding = 4; lastKnownFileType = sourcecode.c.h; path = "UIImageView+WebCache.h"; sourceTree = "<group>"; };
		4A4BB04E1C91DBE00064E4FD /* UIImageView+WebCache.m */ = {isa = PBXFileReference; fileEncoding = 4; lastKnownFileType = sourcecode.c.objc; path = "UIImageView+WebCache.m"; sourceTree = "<group>"; };
		4A4BB04F1C91DBE00064E4FD /* UIView+WebCacheOperation.h */ = {isa = PBXFileReference; fileEncoding = 4; lastKnownFileType = sourcecode.c.h; path = "UIView+WebCacheOperation.h"; sourceTree = "<group>"; };
		4A4BB0501C91DBE00064E4FD /* UIView+WebCacheOperation.m */ = {isa = PBXFileReference; fileEncoding = 4; lastKnownFileType = sourcecode.c.objc; path = "UIView+WebCacheOperation.m"; sourceTree = "<group>"; };
		4A4BB06F1C91DF650064E4FD /* EUICellNoticias.h */ = {isa = PBXFileReference; fileEncoding = 4; lastKnownFileType = sourcecode.c.h; path = EUICellNoticias.h; sourceTree = "<group>"; };
		4A4BB0701C91DF650064E4FD /* EUICellNoticias.m */ = {isa = PBXFileReference; fileEncoding = 4; lastKnownFileType = sourcecode.c.objc; path = EUICellNoticias.m; sourceTree = "<group>"; };
		4A4BB0711C91DF650064E4FD /* LNoticiasViewController.h */ = {isa = PBXFileReference; fileEncoding = 4; lastKnownFileType = sourcecode.c.h; path = LNoticiasViewController.h; sourceTree = "<group>"; };
		4A4BB0721C91DF650064E4FD /* LNoticiasViewController.m */ = {isa = PBXFileReference; fileEncoding = 4; lastKnownFileType = sourcecode.c.objc; path = LNoticiasViewController.m; sourceTree = "<group>"; };
		4A4BB0771C91DF750064E4FD /* EDownladServiceManager.h */ = {isa = PBXFileReference; fileEncoding = 4; lastKnownFileType = sourcecode.c.h; path = EDownladServiceManager.h; sourceTree = "<group>"; };
		4A4BB0781C91DF750064E4FD /* EDownladServiceManager.m */ = {isa = PBXFileReference; fileEncoding = 4; lastKnownFileType = sourcecode.c.objc; path = EDownladServiceManager.m; sourceTree = "<group>"; };
		4A4BB0791C91DF750064E4FD /* EServiceObject.h */ = {isa = PBXFileReference; fileEncoding = 4; lastKnownFileType = sourcecode.c.h; path = EServiceObject.h; sourceTree = "<group>"; };
		4A4BB07A1C91DF750064E4FD /* EServiceObject.m */ = {isa = PBXFileReference; fileEncoding = 4; lastKnownFileType = sourcecode.c.objc; path = EServiceObject.m; sourceTree = "<group>"; };
		4A4BB07C1C91DF750064E4FD /* LServiceObjectNoticias.h */ = {isa = PBXFileReference; fileEncoding = 4; lastKnownFileType = sourcecode.c.h; path = LServiceObjectNoticias.h; sourceTree = "<group>"; };
		4A4BB07D1C91DF750064E4FD /* LServiceObjectNoticias.m */ = {isa = PBXFileReference; fileEncoding = 4; lastKnownFileType = sourcecode.c.objc; path = LServiceObjectNoticias.m; sourceTree = "<group>"; };
		4A5C14001C9B2A520039C5A9 /* Noticias.h */ = {isa = PBXFileReference; lastKnownFileType = sourcecode.c.h; path = Noticias.h; sourceTree = "<group>"; };
		4A5C14011C9B2A600039C5A9 /* Noticias.m */ = {isa = PBXFileReference; fileEncoding = 4; lastKnownFileType = sourcecode.c.objc; path = Noticias.m; sourceTree = "<group>"; };
		4A74F4601C98808500E322C0 /* Noticias.storyboard */ = {isa = PBXFileReference; fileEncoding = 4; lastKnownFileType = file.storyboard; path = Noticias.storyboard; sourceTree = "<group>"; };
		4A74F4691C98A28B00E322C0 /* DetalleNoticia.storyboard */ = {isa = PBXFileReference; fileEncoding = 4; lastKnownFileType = file.storyboard; path = DetalleNoticia.storyboard; sourceTree = "<group>"; };
		5A4CA6B968A2DBED1752108C /* Pods.release.xcconfig */ = {isa = PBXFileReference; includeInIndex = 1; lastKnownFileType = text.xcconfig; name = Pods.release.xcconfig; path = "Pods/Target Support Files/Pods/Pods.release.xcconfig"; sourceTree = "<group>"; };
		8266B7F8596D88529D8C6C86 /* libPods.a */ = {isa = PBXFileReference; explicitFileType = archive.ar; includeInIndex = 0; path = libPods.a; sourceTree = BUILT_PRODUCTS_DIR; };
		B3FBF2B03C40E53C3F12ABEA /* Pods.debug.xcconfig */ = {isa = PBXFileReference; includeInIndex = 1; lastKnownFileType = text.xcconfig; name = Pods.debug.xcconfig; path = "Pods/Target Support Files/Pods/Pods.debug.xcconfig"; sourceTree = "<group>"; };
/* End PBXFileReference section */

/* Begin PBXFrameworksBuildPhase section */
		4A4BAFEB1C91DB4F0064E4FD /* Frameworks */ = {
			isa = PBXFrameworksBuildPhase;
			buildActionMask = 2147483647;
			files = (
				1D22114E58B493F57F107B3D /* libPods.a in Frameworks */,
			);
			runOnlyForDeploymentPostprocessing = 0;
		};
		4A4BB0071C91DB500064E4FD /* Frameworks */ = {
			isa = PBXFrameworksBuildPhase;
			buildActionMask = 2147483647;
			files = (
			);
			runOnlyForDeploymentPostprocessing = 0;
		};
		4A4BB0121C91DB500064E4FD /* Frameworks */ = {
			isa = PBXFrameworksBuildPhase;
			buildActionMask = 2147483647;
			files = (
			);
			runOnlyForDeploymentPostprocessing = 0;
		};
/* End PBXFrameworksBuildPhase section */

/* Begin PBXGroup section */
		0B5D6E761CB840CC002B4D54 /* CellDetalleNoticia */ = {
			isa = PBXGroup;
			children = (
				0B5D6E771CB841A3002B4D54 /* LCellDescripcionNoticia.xib */,
				0B5D6E791CB841D9002B4D54 /* LCellDescripcionNoticia.h */,
				0B5D6E7A1CB841E5002B4D54 /* LCellDescripcionNoticia.m */,
			);
			path = CellDetalleNoticia;
			sourceTree = "<group>";
		};
		0B63EB971CCED98E00500467 /* ECSlidingViewController */ = {
			isa = PBXGroup;
			children = (
				0B63EB981CCED98E00500467 /* ECPercentDrivenInteractiveTransition.h */,
				0B63EB991CCED98E00500467 /* ECPercentDrivenInteractiveTransition.m */,
				0B63EB9A1CCED98E00500467 /* ECSlidingAnimationController.h */,
				0B63EB9B1CCED98E00500467 /* ECSlidingAnimationController.m */,
				0B63EB9C1CCED98E00500467 /* ECSlidingConstants.h */,
				0B63EB9D1CCED98E00500467 /* ECSlidingInteractiveTransition.h */,
				0B63EB9E1CCED98E00500467 /* ECSlidingInteractiveTransition.m */,
				0B63EB9F1CCED98E00500467 /* ECSlidingSegue.h */,
				0B63EBA01CCED98E00500467 /* ECSlidingSegue.m */,
				0B63EBA11CCED98E00500467 /* ECSlidingViewController.h */,
				0B63EBA21CCED98E00500467 /* ECSlidingViewController.m */,
				0B63EBA31CCED98E00500467 /* UIViewController+ECSlidingViewController.h */,
				0B63EBA41CCED98E00500467 /* UIViewController+ECSlidingViewController.m */,
			);
			path = ECSlidingViewController;
			sourceTree = "<group>";
		};
		0B8B20EF1CD802E800FD22B0 /* Utils */ = {
			isa = PBXGroup;
			children = (
				0B8B20F11CD8032200FD22B0 /* LUtils.h */,
				0B8B20F21CD8033000FD22B0 /* LUtils.m */,
			);
			path = Utils;
			sourceTree = "<group>";
		};
		45AC5A8CA73C24029C043778 /* Pods */ = {
			isa = PBXGroup;
			children = (
				B3FBF2B03C40E53C3F12ABEA /* Pods.debug.xcconfig */,
				5A4CA6B968A2DBED1752108C /* Pods.release.xcconfig */,
			);
			name = Pods;
			sourceTree = "<group>";
		};
		4A47CBFD1C99DB23001C3B90 /* DetalleNoticiasViewController */ = {
			isa = PBXGroup;
			children = (
				0B5D6E761CB840CC002B4D54 /* CellDetalleNoticia */,
				4A47CBFE1C99DB49001C3B90 /* LDetalleNoticiasViewController.h */,
				4A47CBFF1C99DB5B001C3B90 /* LDetalleNoticiasViewController.m */,
			);
			path = DetalleNoticiasViewController;
			sourceTree = "<group>";
		};
		4A47CC011C99E130001C3B90 /* CoreData */ = {
			isa = PBXGroup;
			children = (
				4A47CC0E1C99E1FB001C3B90 /* Manager */,
			);
			path = CoreData;
			sourceTree = "<group>";
		};
		4A47CC0E1C99E1FB001C3B90 /* Manager */ = {
			isa = PBXGroup;
			children = (
				4A47CC0F1C99E284001C3B90 /* LManagedObject.h */,
				4A47CC101C99E296001C3B90 /* LManagedObject.m */,
			);
			path = Manager;
			sourceTree = "<group>";
		};
		4A4BAFE51C91DB4F0064E4FD = {
			isa = PBXGroup;
			children = (
				4A4BAFF01C91DB500064E4FD /* Libasa */,
				4A4BB00D1C91DB500064E4FD /* LibasaTests */,
				4A4BB0181C91DB500064E4FD /* LibasaUITests */,
				4A4BAFEF1C91DB4F0064E4FD /* Products */,
				45AC5A8CA73C24029C043778 /* Pods */,
				D734E82CB05840036D6B8982 /* Frameworks */,
			);
			sourceTree = "<group>";
		};
		4A4BAFEF1C91DB4F0064E4FD /* Products */ = {
			isa = PBXGroup;
			children = (
				4A4BAFEE1C91DB4F0064E4FD /* Libasa.app */,
				4A4BB00A1C91DB500064E4FD /* LibasaTests.xctest */,
				4A4BB0151C91DB500064E4FD /* LibasaUITests.xctest */,
			);
			name = Products;
			sourceTree = "<group>";
		};
		4A4BAFF01C91DB500064E4FD /* Libasa */ = {
			isa = PBXGroup;
			children = (
				0B8B20EF1CD802E800FD22B0 /* Utils */,
				0B63EB971CCED98E00500467 /* ECSlidingViewController */,
				4A5C13FF1C9B2A430039C5A9 /* Entidades */,
				4A47CC011C99E130001C3B90 /* CoreData */,
				4A74F45F1C98806700E322C0 /* StoryBoard */,
				4A4BB0751C91DF750064E4FD /* ServiceObject */,
				4A4BB06C1C91DF650064E4FD /* ViewControllers */,
				4A4BB02F1C91DBE00064E4FD /* SDWebImage */,
				4A4BB02B1C91DBD70064E4FD /* Constants */,
				4A4BB0271C91DBCC0064E4FD /* Carousel */,
				4A4BAFF41C91DB500064E4FD /* AppDelegate.h */,
				4A4BAFF51C91DB500064E4FD /* AppDelegate.m */,
				4A4BAFF71C91DB500064E4FD /* ViewController.h */,
				4A4BAFF81C91DB500064E4FD /* ViewController.m */,
				4A4BB0001C91DB500064E4FD /* Assets.xcassets */,
				4A4BB0021C91DB500064E4FD /* LaunchScreen.storyboard */,
				4A4BB0051C91DB500064E4FD /* Info.plist */,
				4A4BAFFD1C91DB500064E4FD /* Libasa.xcdatamodeld */,
				4A4BAFF11C91DB500064E4FD /* Supporting Files */,
			);
			path = Libasa;
			sourceTree = "<group>";
		};
		4A4BAFF11C91DB500064E4FD /* Supporting Files */ = {
			isa = PBXGroup;
			children = (
				4A4BAFF21C91DB500064E4FD /* main.m */,
			);
			name = "Supporting Files";
			sourceTree = "<group>";
		};
		4A4BB00D1C91DB500064E4FD /* LibasaTests */ = {
			isa = PBXGroup;
			children = (
				4A4BB00E1C91DB500064E4FD /* LibasaTests.m */,
				4A4BB0101C91DB500064E4FD /* Info.plist */,
			);
			path = LibasaTests;
			sourceTree = "<group>";
		};
		4A4BB0181C91DB500064E4FD /* LibasaUITests */ = {
			isa = PBXGroup;
			children = (
				4A4BB0191C91DB500064E4FD /* LibasaUITests.m */,
				4A4BB01B1C91DB500064E4FD /* Info.plist */,
			);
			path = LibasaUITests;
			sourceTree = "<group>";
		};
		4A4BB0271C91DBCC0064E4FD /* Carousel */ = {
			isa = PBXGroup;
			children = (
				4A4BB0281C91DBCC0064E4FD /* iCarousel.h */,
				4A4BB0291C91DBCC0064E4FD /* iCarousel.m */,
			);
			path = Carousel;
			sourceTree = "<group>";
		};
		4A4BB02B1C91DBD70064E4FD /* Constants */ = {
			isa = PBXGroup;
			children = (
				4A4BB02C1C91DBD70064E4FD /* Constants.h */,
				4A4BB02D1C91DBD70064E4FD /* Constants.m */,
			);
			path = Constants;
			sourceTree = "<group>";
		};
		4A4BB02F1C91DBE00064E4FD /* SDWebImage */ = {
			isa = PBXGroup;
			children = (
				4A4BB0301C91DBE00064E4FD /* MKAnnotationView+WebCache.h */,
				4A4BB0311C91DBE00064E4FD /* MKAnnotationView+WebCache.m */,
				4A4BB0321C91DBE00064E4FD /* NSData+ImageContentType.h */,
				4A4BB0331C91DBE00064E4FD /* NSData+ImageContentType.m */,
				4A4BB0341C91DBE00064E4FD /* SDImageCache.h */,
				4A4BB0351C91DBE00064E4FD /* SDImageCache.m */,
				4A4BB0361C91DBE00064E4FD /* SDWebImageCompat.h */,
				4A4BB0371C91DBE00064E4FD /* SDWebImageCompat.m */,
				4A4BB0381C91DBE00064E4FD /* SDWebImageDecoder.h */,
				4A4BB0391C91DBE00064E4FD /* SDWebImageDecoder.m */,
				4A4BB03A1C91DBE00064E4FD /* SDWebImageDownloader.h */,
				4A4BB03B1C91DBE00064E4FD /* SDWebImageDownloader.m */,
				4A4BB03C1C91DBE00064E4FD /* SDWebImageDownloaderOperation.h */,
				4A4BB03D1C91DBE00064E4FD /* SDWebImageDownloaderOperation.m */,
				4A4BB03E1C91DBE00064E4FD /* SDWebImageManager.h */,
				4A4BB03F1C91DBE00064E4FD /* SDWebImageManager.m */,
				4A4BB0401C91DBE00064E4FD /* SDWebImageOperation.h */,
				4A4BB0411C91DBE00064E4FD /* SDWebImagePrefetcher.h */,
				4A4BB0421C91DBE00064E4FD /* SDWebImagePrefetcher.m */,
				4A4BB0431C91DBE00064E4FD /* UIButton+WebCache.h */,
				4A4BB0441C91DBE00064E4FD /* UIButton+WebCache.m */,
				4A4BB0451C91DBE00064E4FD /* UIImage+GIF.h */,
				4A4BB0461C91DBE00064E4FD /* UIImage+GIF.m */,
				4A4BB0471C91DBE00064E4FD /* UIImage+MultiFormat.h */,
				4A4BB0481C91DBE00064E4FD /* UIImage+MultiFormat.m */,
				4A4BB0491C91DBE00064E4FD /* UIImage+WebP.h */,
				4A4BB04A1C91DBE00064E4FD /* UIImage+WebP.m */,
				4A4BB04B1C91DBE00064E4FD /* UIImageView+HighlightedWebCache.h */,
				4A4BB04C1C91DBE00064E4FD /* UIImageView+HighlightedWebCache.m */,
				4A4BB04D1C91DBE00064E4FD /* UIImageView+WebCache.h */,
				4A4BB04E1C91DBE00064E4FD /* UIImageView+WebCache.m */,
				4A4BB04F1C91DBE00064E4FD /* UIView+WebCacheOperation.h */,
				4A4BB0501C91DBE00064E4FD /* UIView+WebCacheOperation.m */,
			);
			path = SDWebImage;
			sourceTree = "<group>";
		};
		4A4BB06C1C91DF650064E4FD /* ViewControllers */ = {
			isa = PBXGroup;
			children = (
				4A47CBFD1C99DB23001C3B90 /* DetalleNoticiasViewController */,
				4A4BB06D1C91DF650064E4FD /* NoticiasViewController */,
			);
			path = ViewControllers;
			sourceTree = "<group>";
		};
		4A4BB06D1C91DF650064E4FD /* NoticiasViewController */ = {
			isa = PBXGroup;
			children = (
				4A4BB06E1C91DF650064E4FD /* EUICellNoticias */,
				4A4BB0711C91DF650064E4FD /* LNoticiasViewController.h */,
				4A4BB0721C91DF650064E4FD /* LNoticiasViewController.m */,
			);
			path = NoticiasViewController;
			sourceTree = "<group>";
		};
		4A4BB06E1C91DF650064E4FD /* EUICellNoticias */ = {
			isa = PBXGroup;
			children = (
				4A4BB06F1C91DF650064E4FD /* EUICellNoticias.h */,
				4A4BB0701C91DF650064E4FD /* EUICellNoticias.m */,
			);
			path = EUICellNoticias;
			sourceTree = "<group>";
		};
		4A4BB0751C91DF750064E4FD /* ServiceObject */ = {
			isa = PBXGroup;
			children = (
				4A4BB0761C91DF750064E4FD /* DownladServiceManager */,
				4A4BB0791C91DF750064E4FD /* EServiceObject.h */,
				4A4BB07A1C91DF750064E4FD /* EServiceObject.m */,
				4A4BB07B1C91DF750064E4FD /* ServiceObjectBanners */,
			);
			path = ServiceObject;
			sourceTree = "<group>";
		};
		4A4BB0761C91DF750064E4FD /* DownladServiceManager */ = {
			isa = PBXGroup;
			children = (
				4A4BB0771C91DF750064E4FD /* EDownladServiceManager.h */,
				4A4BB0781C91DF750064E4FD /* EDownladServiceManager.m */,
			);
			path = DownladServiceManager;
			sourceTree = "<group>";
		};
		4A4BB07B1C91DF750064E4FD /* ServiceObjectBanners */ = {
			isa = PBXGroup;
			children = (
				4A4BB07C1C91DF750064E4FD /* LServiceObjectNoticias.h */,
				4A4BB07D1C91DF750064E4FD /* LServiceObjectNoticias.m */,
			);
			path = ServiceObjectBanners;
			sourceTree = "<group>";
		};
		4A5C13FF1C9B2A430039C5A9 /* Entidades */ = {
			isa = PBXGroup;
			children = (
				4A5C14001C9B2A520039C5A9 /* Noticias.h */,
				4A5C14011C9B2A600039C5A9 /* Noticias.m */,
			);
			path = Entidades;
			sourceTree = "<group>";
		};
		4A74F45F1C98806700E322C0 /* StoryBoard */ = {
			isa = PBXGroup;
			children = (
				4A74F4601C98808500E322C0 /* Noticias.storyboard */,
				4A74F4691C98A28B00E322C0 /* DetalleNoticia.storyboard */,
				0BEB22D91CD144FF00EE2672 /* Container.storyboard */,
			);
			path = StoryBoard;
			sourceTree = "<group>";
		};
		D734E82CB05840036D6B8982 /* Frameworks */ = {
			isa = PBXGroup;
			children = (
				8266B7F8596D88529D8C6C86 /* libPods.a */,
			);
			name = Frameworks;
			sourceTree = "<group>";
		};
/* End PBXGroup section */

/* Begin PBXNativeTarget section */
		4A4BAFED1C91DB4F0064E4FD /* Libasa */ = {
			isa = PBXNativeTarget;
			buildConfigurationList = 4A4BB01E1C91DB500064E4FD /* Build configuration list for PBXNativeTarget "Libasa" */;
			buildPhases = (
				3C64F0148595D287DF77D590 /* Check Pods Manifest.lock */,
				4A4BAFEA1C91DB4F0064E4FD /* Sources */,
				4A4BAFEB1C91DB4F0064E4FD /* Frameworks */,
				4A4BAFEC1C91DB4F0064E4FD /* Resources */,
				D22F9ED399156DC2851875B2 /* Copy Pods Resources */,
			);
			buildRules = (
			);
			dependencies = (
			);
			name = Libasa;
			productName = Libasa;
			productReference = 4A4BAFEE1C91DB4F0064E4FD /* Libasa.app */;
			productType = "com.apple.product-type.application";
		};
		4A4BB0091C91DB500064E4FD /* LibasaTests */ = {
			isa = PBXNativeTarget;
			buildConfigurationList = 4A4BB0211C91DB500064E4FD /* Build configuration list for PBXNativeTarget "LibasaTests" */;
			buildPhases = (
				4A4BB0061C91DB500064E4FD /* Sources */,
				4A4BB0071C91DB500064E4FD /* Frameworks */,
				4A4BB0081C91DB500064E4FD /* Resources */,
			);
			buildRules = (
			);
			dependencies = (
				4A4BB00C1C91DB500064E4FD /* PBXTargetDependency */,
			);
			name = LibasaTests;
			productName = LibasaTests;
			productReference = 4A4BB00A1C91DB500064E4FD /* LibasaTests.xctest */;
			productType = "com.apple.product-type.bundle.unit-test";
		};
		4A4BB0141C91DB500064E4FD /* LibasaUITests */ = {
			isa = PBXNativeTarget;
			buildConfigurationList = 4A4BB0241C91DB500064E4FD /* Build configuration list for PBXNativeTarget "LibasaUITests" */;
			buildPhases = (
				4A4BB0111C91DB500064E4FD /* Sources */,
				4A4BB0121C91DB500064E4FD /* Frameworks */,
				4A4BB0131C91DB500064E4FD /* Resources */,
			);
			buildRules = (
			);
			dependencies = (
				4A4BB0171C91DB500064E4FD /* PBXTargetDependency */,
			);
			name = LibasaUITests;
			productName = LibasaUITests;
			productReference = 4A4BB0151C91DB500064E4FD /* LibasaUITests.xctest */;
			productType = "com.apple.product-type.bundle.ui-testing";
		};
/* End PBXNativeTarget section */

/* Begin PBXProject section */
		4A4BAFE61C91DB4F0064E4FD /* Project object */ = {
			isa = PBXProject;
			attributes = {
				LastUpgradeCheck = 0720;
				ORGANIZATIONNAME = "Control-z";
				TargetAttributes = {
					4A4BAFED1C91DB4F0064E4FD = {
						CreatedOnToolsVersion = 7.2.1;
					};
					4A4BB0091C91DB500064E4FD = {
						CreatedOnToolsVersion = 7.2.1;
						TestTargetID = 4A4BAFED1C91DB4F0064E4FD;
					};
					4A4BB0141C91DB500064E4FD = {
						CreatedOnToolsVersion = 7.2.1;
						TestTargetID = 4A4BAFED1C91DB4F0064E4FD;
					};
				};
			};
			buildConfigurationList = 4A4BAFE91C91DB4F0064E4FD /* Build configuration list for PBXProject "Libasa" */;
			compatibilityVersion = "Xcode 3.2";
			developmentRegion = English;
			hasScannedForEncodings = 0;
			knownRegions = (
				en,
				Base,
			);
			mainGroup = 4A4BAFE51C91DB4F0064E4FD;
			productRefGroup = 4A4BAFEF1C91DB4F0064E4FD /* Products */;
			projectDirPath = "";
			projectRoot = "";
			targets = (
				4A4BAFED1C91DB4F0064E4FD /* Libasa */,
				4A4BB0091C91DB500064E4FD /* LibasaTests */,
				4A4BB0141C91DB500064E4FD /* LibasaUITests */,
			);
		};
/* End PBXProject section */

/* Begin PBXResourcesBuildPhase section */
		4A4BAFEC1C91DB4F0064E4FD /* Resources */ = {
			isa = PBXResourcesBuildPhase;
			buildActionMask = 2147483647;
			files = (
				0B5D6E781CB841A3002B4D54 /* LCellDescripcionNoticia.xib in Resources */,
				4A74F4611C98808500E322C0 /* Noticias.storyboard in Resources */,
				4A4BB0041C91DB500064E4FD /* LaunchScreen.storyboard in Resources */,
				4A74F46A1C98A28B00E322C0 /* DetalleNoticia.storyboard in Resources */,
				0BEB22DA1CD144FF00EE2672 /* Container.storyboard in Resources */,
				4A4BB0011C91DB500064E4FD /* Assets.xcassets in Resources */,
			);
			runOnlyForDeploymentPostprocessing = 0;
		};
		4A4BB0081C91DB500064E4FD /* Resources */ = {
			isa = PBXResourcesBuildPhase;
			buildActionMask = 2147483647;
			files = (
			);
			runOnlyForDeploymentPostprocessing = 0;
		};
		4A4BB0131C91DB500064E4FD /* Resources */ = {
			isa = PBXResourcesBuildPhase;
			buildActionMask = 2147483647;
			files = (
			);
			runOnlyForDeploymentPostprocessing = 0;
		};
/* End PBXResourcesBuildPhase section */

/* Begin PBXShellScriptBuildPhase section */
		3C64F0148595D287DF77D590 /* Check Pods Manifest.lock */ = {
			isa = PBXShellScriptBuildPhase;
			buildActionMask = 2147483647;
			files = (
			);
			inputPaths = (
			);
			name = "Check Pods Manifest.lock";
			outputPaths = (
			);
			runOnlyForDeploymentPostprocessing = 0;
			shellPath = /bin/sh;
			shellScript = "diff \"${PODS_ROOT}/../Podfile.lock\" \"${PODS_ROOT}/Manifest.lock\" > /dev/null\nif [[ $? != 0 ]] ; then\n    cat << EOM\nerror: The sandbox is not in sync with the Podfile.lock. Run 'pod install' or update your CocoaPods installation.\nEOM\n    exit 1\nfi\n";
			showEnvVarsInLog = 0;
		};
		D22F9ED399156DC2851875B2 /* Copy Pods Resources */ = {
			isa = PBXShellScriptBuildPhase;
			buildActionMask = 2147483647;
			files = (
			);
			inputPaths = (
			);
			name = "Copy Pods Resources";
			outputPaths = (
			);
			runOnlyForDeploymentPostprocessing = 0;
			shellPath = /bin/sh;
			shellScript = "\"${SRCROOT}/Pods/Target Support Files/Pods/Pods-resources.sh\"\n";
			showEnvVarsInLog = 0;
		};
/* End PBXShellScriptBuildPhase section */

/* Begin PBXSourcesBuildPhase section */
		4A4BAFEA1C91DB4F0064E4FD /* Sources */ = {
			isa = PBXSourcesBuildPhase;
			buildActionMask = 2147483647;
			files = (
				0B8B21171CD80E9E00FD22B0 /* ViewController.m in Sources */,
				0B8B21161CD80E9500FD22B0 /* AppDelegate.m in Sources */,
				0B8B21151CD80E9000FD22B0 /* iCarousel.m in Sources */,
				0B8B21141CD80E8600FD22B0 /* Constants.m in Sources */,
				0B8B21131CD80E7800FD22B0 /* UIView+WebCacheOperation.m in Sources */,
				0B8B21121CD80E6F00FD22B0 /* UIImageView+WebCache.m in Sources */,
				0B8B21111CD80E6700FD22B0 /* UIImageView+HighlightedWebCache.m in Sources */,
				0B8B21101CD80E5D00FD22B0 /* UIImage+WebP.m in Sources */,
				0B8B210F1CD80E5700FD22B0 /* UIImage+MultiFormat.m in Sources */,
				0B8B210E1CD80E5000FD22B0 /* UIImage+GIF.m in Sources */,
				0B8B210D1CD80E4900FD22B0 /* UIButton+WebCache.m in Sources */,
				0B8B210C1CD80E4100FD22B0 /* SDWebImagePrefetcher.m in Sources */,
				0B8B210B1CD80E3A00FD22B0 /* SDWebImageManager.m in Sources */,
				0B8B210A1CD80E3400FD22B0 /* SDWebImageDownloaderOperation.m in Sources */,
				0B8B21091CD80E2E00FD22B0 /* SDWebImageDownloader.m in Sources */,
				0B8B21081CD80E2700FD22B0 /* SDWebImageDecoder.m in Sources */,
				0B8B21071CD80E2100FD22B0 /* SDWebImageCompat.m in Sources */,
				0B8B21061CD80E1B00FD22B0 /* SDImageCache.m in Sources */,
				0B8B21051CD80E1500FD22B0 /* NSData+ImageContentType.m in Sources */,
				0B8B21041CD80E0F00FD22B0 /* MKAnnotationView+WebCache.m in Sources */,
				0B8B21031CD80E0100FD22B0 /* LNoticiasViewController.m in Sources */,
				0B8B21021CD80DFC00FD22B0 /* EUICellNoticias.m in Sources */,
				0B8B21011CD80DF200FD22B0 /* LDetalleNoticiasViewController.m in Sources */,
				0B8B21001CD80DEC00FD22B0 /* LCellDescripcionNoticia.m in Sources */,
				0B8B20FF1CD80DE500FD22B0 /* LServiceObjectNoticias.m in Sources */,
				0B8B20FE1CD80DDE00FD22B0 /* EServiceObject.m in Sources */,
				0B8B20FD1CD80DD700FD22B0 /* EDownladServiceManager.m in Sources */,
				0B8B20FC1CD80DD100FD22B0 /* LManagedObject.m in Sources */,
				0B8B20FB1CD80DC700FD22B0 /* Noticias.m in Sources */,
				0B8B20FA1CD80DC200FD22B0 /* UIViewController+ECSlidingViewController.m in Sources */,
				0B8B20F91CD80DBE00FD22B0 /* ECSlidingViewController.m in Sources */,
				0B8B20F81CD80DBA00FD22B0 /* ECSlidingSegue.m in Sources */,
				0B8B20F71CD80DB600FD22B0 /* ECSlidingInteractiveTransition.m in Sources */,
				0B8B20F61CD80DB200FD22B0 /* ECSlidingAnimationController.m in Sources */,
				0B8B20F51CD80DAE00FD22B0 /* ECPercentDrivenInteractiveTransition.m in Sources */,
				0B8B20F41CD80DA900FD22B0 /* LUtils.m in Sources */,
			);
			runOnlyForDeploymentPostprocessing = 0;
		};
		4A4BB0061C91DB500064E4FD /* Sources */ = {
			isa = PBXSourcesBuildPhase;
			buildActionMask = 2147483647;
			files = (
				4A4BB00F1C91DB500064E4FD /* LibasaTests.m in Sources */,
			);
			runOnlyForDeploymentPostprocessing = 0;
		};
		4A4BB0111C91DB500064E4FD /* Sources */ = {
			isa = PBXSourcesBuildPhase;
			buildActionMask = 2147483647;
			files = (
				4A4BB01A1C91DB500064E4FD /* LibasaUITests.m in Sources */,
			);
			runOnlyForDeploymentPostprocessing = 0;
		};
/* End PBXSourcesBuildPhase section */

/* Begin PBXTargetDependency section */
		4A4BB00C1C91DB500064E4FD /* PBXTargetDependency */ = {
			isa = PBXTargetDependency;
			target = 4A4BAFED1C91DB4F0064E4FD /* Libasa */;
			targetProxy = 4A4BB00B1C91DB500064E4FD /* PBXContainerItemProxy */;
		};
		4A4BB0171C91DB500064E4FD /* PBXTargetDependency */ = {
			isa = PBXTargetDependency;
			target = 4A4BAFED1C91DB4F0064E4FD /* Libasa */;
			targetProxy = 4A4BB0161C91DB500064E4FD /* PBXContainerItemProxy */;
		};
/* End PBXTargetDependency section */

/* Begin PBXVariantGroup section */
		4A4BB0021C91DB500064E4FD /* LaunchScreen.storyboard */ = {
			isa = PBXVariantGroup;
			children = (
				4A4BB0031C91DB500064E4FD /* Base */,
			);
			name = LaunchScreen.storyboard;
			sourceTree = "<group>";
		};
/* End PBXVariantGroup section */

/* Begin XCBuildConfiguration section */
		4A4BB01C1C91DB500064E4FD /* Debug */ = {
			isa = XCBuildConfiguration;
			buildSettings = {
				ALWAYS_SEARCH_USER_PATHS = NO;
				CLANG_CXX_LANGUAGE_STANDARD = "gnu++0x";
				CLANG_CXX_LIBRARY = "libc++";
				CLANG_ENABLE_MODULES = YES;
				CLANG_ENABLE_OBJC_ARC = YES;
				CLANG_WARN_BOOL_CONVERSION = YES;
				CLANG_WARN_CONSTANT_CONVERSION = YES;
				CLANG_WARN_DIRECT_OBJC_ISA_USAGE = YES_ERROR;
				CLANG_WARN_EMPTY_BODY = YES;
				CLANG_WARN_ENUM_CONVERSION = YES;
				CLANG_WARN_INT_CONVERSION = YES;
				CLANG_WARN_OBJC_ROOT_CLASS = YES_ERROR;
				CLANG_WARN_UNREACHABLE_CODE = YES;
				CLANG_WARN__DUPLICATE_METHOD_MATCH = YES;
				"CODE_SIGN_IDENTITY[sdk=iphoneos*]" = "iPhone Developer";
				COPY_PHASE_STRIP = NO;
				DEBUG_INFORMATION_FORMAT = dwarf;
				ENABLE_STRICT_OBJC_MSGSEND = YES;
				ENABLE_TESTABILITY = YES;
				GCC_C_LANGUAGE_STANDARD = gnu99;
				GCC_DYNAMIC_NO_PIC = NO;
				GCC_NO_COMMON_BLOCKS = YES;
				GCC_OPTIMIZATION_LEVEL = 0;
				GCC_PREPROCESSOR_DEFINITIONS = (
					"DEBUG=1",
					"$(inherited)",
				);
				GCC_WARN_64_TO_32_BIT_CONVERSION = YES;
				GCC_WARN_ABOUT_RETURN_TYPE = YES_ERROR;
				GCC_WARN_UNDECLARED_SELECTOR = YES;
				GCC_WARN_UNINITIALIZED_AUTOS = YES_AGGRESSIVE;
				GCC_WARN_UNUSED_FUNCTION = YES;
				GCC_WARN_UNUSED_VARIABLE = YES;
				IPHONEOS_DEPLOYMENT_TARGET = 9.2;
				MTL_ENABLE_DEBUG_INFO = YES;
				ONLY_ACTIVE_ARCH = YES;
				SDKROOT = iphoneos;
				TARGETED_DEVICE_FAMILY = "1,2";
			};
			name = Debug;
		};
		4A4BB01D1C91DB500064E4FD /* Release */ = {
			isa = XCBuildConfiguration;
			buildSettings = {
				ALWAYS_SEARCH_USER_PATHS = NO;
				CLANG_CXX_LANGUAGE_STANDARD = "gnu++0x";
				CLANG_CXX_LIBRARY = "libc++";
				CLANG_ENABLE_MODULES = YES;
				CLANG_ENABLE_OBJC_ARC = YES;
				CLANG_WARN_BOOL_CONVERSION = YES;
				CLANG_WARN_CONSTANT_CONVERSION = YES;
				CLANG_WARN_DIRECT_OBJC_ISA_USAGE = YES_ERROR;
				CLANG_WARN_EMPTY_BODY = YES;
				CLANG_WARN_ENUM_CONVERSION = YES;
				CLANG_WARN_INT_CONVERSION = YES;
				CLANG_WARN_OBJC_ROOT_CLASS = YES_ERROR;
				CLANG_WARN_UNREACHABLE_CODE = YES;
				CLANG_WARN__DUPLICATE_METHOD_MATCH = YES;
				"CODE_SIGN_IDENTITY[sdk=iphoneos*]" = "iPhone Developer";
				COPY_PHASE_STRIP = NO;
				DEBUG_INFORMATION_FORMAT = "dwarf-with-dsym";
				ENABLE_NS_ASSERTIONS = NO;
				ENABLE_STRICT_OBJC_MSGSEND = YES;
				GCC_C_LANGUAGE_STANDARD = gnu99;
				GCC_NO_COMMON_BLOCKS = YES;
				GCC_WARN_64_TO_32_BIT_CONVERSION = YES;
				GCC_WARN_ABOUT_RETURN_TYPE = YES_ERROR;
				GCC_WARN_UNDECLARED_SELECTOR = YES;
				GCC_WARN_UNINITIALIZED_AUTOS = YES_AGGRESSIVE;
				GCC_WARN_UNUSED_FUNCTION = YES;
				GCC_WARN_UNUSED_VARIABLE = YES;
				IPHONEOS_DEPLOYMENT_TARGET = 9.2;
				MTL_ENABLE_DEBUG_INFO = NO;
				SDKROOT = iphoneos;
				TARGETED_DEVICE_FAMILY = "1,2";
				VALIDATE_PRODUCT = YES;
			};
			name = Release;
		};
		4A4BB01F1C91DB500064E4FD /* Debug */ = {
			isa = XCBuildConfiguration;
			baseConfigurationReference = B3FBF2B03C40E53C3F12ABEA /* Pods.debug.xcconfig */;
			buildSettings = {
				ASSETCATALOG_COMPILER_APPICON_NAME = AppIcon;
				INFOPLIST_FILE = Libasa/Info.plist;
				LD_RUNPATH_SEARCH_PATHS = "$(inherited) @executable_path/Frameworks";
				PRODUCT_BUNDLE_IDENTIFIER = "com.control-z.Libasa";
				PRODUCT_NAME = "$(TARGET_NAME)";
			};
			name = Debug;
		};
		4A4BB0201C91DB500064E4FD /* Release */ = {
			isa = XCBuildConfiguration;
			baseConfigurationReference = 5A4CA6B968A2DBED1752108C /* Pods.release.xcconfig */;
			buildSettings = {
				ASSETCATALOG_COMPILER_APPICON_NAME = AppIcon;
				INFOPLIST_FILE = Libasa/Info.plist;
				LD_RUNPATH_SEARCH_PATHS = "$(inherited) @executable_path/Frameworks";
				PRODUCT_BUNDLE_IDENTIFIER = "com.control-z.Libasa";
				PRODUCT_NAME = "$(TARGET_NAME)";
			};
			name = Release;
		};
		4A4BB0221C91DB500064E4FD /* Debug */ = {
			isa = XCBuildConfiguration;
			buildSettings = {
				BUNDLE_LOADER = "$(TEST_HOST)";
				INFOPLIST_FILE = LibasaTests/Info.plist;
				LD_RUNPATH_SEARCH_PATHS = "$(inherited) @executable_path/Frameworks @loader_path/Frameworks";
				PRODUCT_BUNDLE_IDENTIFIER = "com.control-z.LibasaTests";
				PRODUCT_NAME = "$(TARGET_NAME)";
				TEST_HOST = "$(BUILT_PRODUCTS_DIR)/Libasa.app/Libasa";
			};
			name = Debug;
		};
		4A4BB0231C91DB500064E4FD /* Release */ = {
			isa = XCBuildConfiguration;
			buildSettings = {
				BUNDLE_LOADER = "$(TEST_HOST)";
				INFOPLIST_FILE = LibasaTests/Info.plist;
				LD_RUNPATH_SEARCH_PATHS = "$(inherited) @executable_path/Frameworks @loader_path/Frameworks";
				PRODUCT_BUNDLE_IDENTIFIER = "com.control-z.LibasaTests";
				PRODUCT_NAME = "$(TARGET_NAME)";
				TEST_HOST = "$(BUILT_PRODUCTS_DIR)/Libasa.app/Libasa";
			};
			name = Release;
		};
		4A4BB0251C91DB500064E4FD /* Debug */ = {
			isa = XCBuildConfiguration;
			buildSettings = {
				INFOPLIST_FILE = LibasaUITests/Info.plist;
				LD_RUNPATH_SEARCH_PATHS = "$(inherited) @executable_path/Frameworks @loader_path/Frameworks";
				PRODUCT_BUNDLE_IDENTIFIER = "com.control-z.LibasaUITests";
				PRODUCT_NAME = "$(TARGET_NAME)";
				TEST_TARGET_NAME = Libasa;
				USES_XCTRUNNER = YES;
			};
			name = Debug;
		};
		4A4BB0261C91DB500064E4FD /* Release */ = {
			isa = XCBuildConfiguration;
			buildSettings = {
				INFOPLIST_FILE = LibasaUITests/Info.plist;
				LD_RUNPATH_SEARCH_PATHS = "$(inherited) @executable_path/Frameworks @loader_path/Frameworks";
				PRODUCT_BUNDLE_IDENTIFIER = "com.control-z.LibasaUITests";
				PRODUCT_NAME = "$(TARGET_NAME)";
				TEST_TARGET_NAME = Libasa;
				USES_XCTRUNNER = YES;
			};
			name = Release;
		};
/* End XCBuildConfiguration section */

/* Begin XCConfigurationList section */
		4A4BAFE91C91DB4F0064E4FD /* Build configuration list for PBXProject "Libasa" */ = {
			isa = XCConfigurationList;
			buildConfigurations = (
				4A4BB01C1C91DB500064E4FD /* Debug */,
				4A4BB01D1C91DB500064E4FD /* Release */,
			);
			defaultConfigurationIsVisible = 0;
			defaultConfigurationName = Release;
		};
		4A4BB01E1C91DB500064E4FD /* Build configuration list for PBXNativeTarget "Libasa" */ = {
			isa = XCConfigurationList;
			buildConfigurations = (
				4A4BB01F1C91DB500064E4FD /* Debug */,
				4A4BB0201C91DB500064E4FD /* Release */,
			);
			defaultConfigurationIsVisible = 0;
			defaultConfigurationName = Release;
		};
		4A4BB0211C91DB500064E4FD /* Build configuration list for PBXNativeTarget "LibasaTests" */ = {
			isa = XCConfigurationList;
			buildConfigurations = (
				4A4BB0221C91DB500064E4FD /* Debug */,
				4A4BB0231C91DB500064E4FD /* Release */,
			);
			defaultConfigurationIsVisible = 0;
			defaultConfigurationName = Release;
		};
		4A4BB0241C91DB500064E4FD /* Build configuration list for PBXNativeTarget "LibasaUITests" */ = {
			isa = XCConfigurationList;
			buildConfigurations = (
				4A4BB0251C91DB500064E4FD /* Debug */,
				4A4BB0261C91DB500064E4FD /* Release */,
			);
			defaultConfigurationIsVisible = 0;
			defaultConfigurationName = Release;
		};
/* End XCConfigurationList section */

/* Begin XCVersionGroup section */
		4A4BAFFD1C91DB500064E4FD /* Libasa.xcdatamodeld */ = {
			isa = XCVersionGroup;
			children = (
				4A4BAFFE1C91DB500064E4FD /* Libasa.xcdatamodel */,
			);
			currentVersion = 4A4BAFFE1C91DB500064E4FD /* Libasa.xcdatamodel */;
			path = Libasa.xcdatamodeld;
			sourceTree = "<group>";
			versionGroupType = wrapper.xcdatamodel;
		};
/* End XCVersionGroup section */
	};
	rootObject = 4A4BAFE61C91DB4F0064E4FD /* Project object */;
}
